
Microsoft Visual Studio Solution File, Format Version 12.00
# Visual Studio Version 16
VisualStudioVersion = 25.0.1706.4
MinimumVisualStudioVersion = 10.0.40219.1
Project("{FAE04EC0-301F-11D3-BF4B-00C04F79EFBC}") = "TestProject", "TestProject\TestProject.csproj", "{B685F731-E35C-4683-8403-55F03455FC1D}"
EndProject
Project("{FAE04EC0-301F-11D3-BF4B-00C04F79EFBC}") = "UnitTests", "UnitTests\UnitTests.csproj", "{52E5AAF3-29F7-46D6-BE5B-00ED9A65697D}"
EndProject
Global
	GlobalSection(SolutionConfigurationPlatforms) = preSolution
		Debug|Any CPU = Debug|Any CPU
		Release|Any CPU = Release|Any CPU
	EndGlobalSection
	GlobalSection(ProjectConfigurationPlatforms) = postSolution
		{B685F731-E35C-4683-8403-55F03455FC1D}.Debug|Any CPU.ActiveCfg = Debug|Any CPU
		{B685F731-E35C-4683-8403-55F03455FC1D}.Debug|Any CPU.Build.0 = Debug|Any CPU
		{B685F731-E35C-4683-8403-55F03455FC1D}.Release|Any CPU.ActiveCfg = Release|Any CPU
		{B685F731-E35C-4683-8403-55F03455FC1D}.Release|Any CPU.Build.0 = Release|Any CPU
		{52E5AAF3-29F7-46D6-BE5B-00ED9A65697D}.Debug|Any CPU.ActiveCfg = Debug|Any CPU
		{52E5AAF3-29F7-46D6-BE5B-00ED9A65697D}.Debug|Any CPU.Build.0 = Debug|Any CPU
		{52E5AAF3-29F7-46D6-BE5B-00ED9A65697D}.Release|Any CPU.ActiveCfg = Release|Any CPU
		{52E5AAF3-29F7-46D6-BE5B-00ED9A65697D}.Release|Any CPU.Build.0 = Release|Any CPU
	EndGlobalSection
	GlobalSection(SolutionProperties) = preSolution
		HideSolutionNode = FALSE
	EndGlobalSection
	GlobalSection(ExtensibilityGlobals) = postSolution
		SolutionGuid = {C0CD9893-4177-4B85-A2B8-1F95926DF650}
	EndGlobalSection
EndGlobal
