
Microsoft Visual Studio Solution File, Format Version 12.00
# Visual Studio Version 16
VisualStudioVersion = 25.0.1706.4
MinimumVisualStudioVersion = 10.0.40219.1
Project("{FAE04EC0-301F-11D3-BF4B-00C04F79EFBC}") = "TestProject", "TestProject.csproj", "{45A89F54-7460-4059-8290-D06668D61A42}"
EndProject
Global
	GlobalSection(SolutionConfigurationPlatforms) = preSolution
		Debug|Any CPU = Debug|Any CPU
		Release|Any CPU = Release|Any CPU
	EndGlobalSection
	GlobalSection(ProjectConfigurationPlatforms) = postSolution
		{45A89F54-7460-4059-8290-D06668D61A42}.Debug|Any CPU.ActiveCfg = Debug|Any CPU
		{45A89F54-7460-4059-8290-D06668D61A42}.Debug|Any CPU.Build.0 = Debug|Any CPU
		{45A89F54-7460-4059-8290-D06668D61A42}.Release|Any CPU.ActiveCfg = Release|Any CPU
		{45A89F54-7460-4059-8290-D06668D61A42}.Release|Any CPU.Build.0 = Release|Any CPU
	EndGlobalSection
	GlobalSection(SolutionProperties) = preSolution
		HideSolutionNode = FALSE
	EndGlobalSection
	GlobalSection(ExtensibilityGlobals) = postSolution
		SolutionGuid = {CDF3014C-9E12-4429-91D5-ACE32C2DA9DD}
	EndGlobalSection
EndGlobal
